{
  "version": 4,
  "terraform_version": "0.14.4",
  "serial": 12,
  "lineage": "25a9c932-7c95-05e7-4097-18da226766c0",
  "outputs": {},
  "resources": [
    {
      "mode": "managed",
      "type": "aws_cognito_resource_server",
      "name": "this",
      "provider": "provider[\"registry.terraform.io/hashicorp/aws\"]",
      "instances": [
        {
          "schema_version": 0,
          "attributes": {
            "id": "us-east-1_MHbQvsHND|todos-app-client",
            "identifier": "todos-app-client",
            "name": "todos-app-client",
            "scope": [
              {
                "scope_description": "Create todos",
                "scope_name": "create_todo"
              },
              {
                "scope_description": "Delete todos",
                "scope_name": "delete_todo"
              },
              {
                "scope_description": "Read todos",
                "scope_name": "read_todo"
              }
            ],
            "scope_identifiers": [
              "todos-app-client/delete_todo",
              "todos-app-client/read_todo",
              "todos-app-client/create_todo"
            ],
            "user_pool_id": "us-east-1_MHbQvsHND"
          },
          "sensitive_attributes": [],
          "private": "bnVsbA==",
          "dependencies": [
            "aws_cognito_user_pool.this"
          ]
        }
      ]
    },
    {
      "mode": "managed",
      "type": "aws_cognito_user_pool",
      "name": "this",
      "provider": "provider[\"registry.terraform.io/hashicorp/aws\"]",
      "instances": [
        {
          "schema_version": 0,
          "attributes": {
            "account_recovery_setting": [],
            "admin_create_user_config": [
              {
                "allow_admin_create_user_only": false,
                "invite_message_template": []
              }
            ],
            "alias_attributes": null,
            "arn": "arn:aws:cognito-idp:us-east-1:788853553016:userpool/us-east-1_MHbQvsHND",
            "auto_verified_attributes": [],
            "creation_date": "2021-02-17T14:17:40Z",
            "device_configuration": [],
            "email_configuration": [
              {
                "email_sending_account": "COGNITO_DEFAULT",
                "from_email_address": "",
                "reply_to_email_address": "",
                "source_arn": ""
              }
            ],
            "email_verification_message": null,
            "email_verification_subject": null,
            "endpoint": "cognito-idp.us-east-1.amazonaws.com/us-east-1_MHbQvsHND",
            "id": "us-east-1_MHbQvsHND",
            "lambda_config": [],
            "last_modified_date": "2021-02-17T14:17:40Z",
            "mfa_configuration": "OFF",
            "name": "todos",
            "password_policy": [
              {
                "minimum_length": 8,
                "require_lowercase": true,
                "require_numbers": true,
                "require_symbols": true,
                "require_uppercase": true,
                "temporary_password_validity_days": 7
              }
            ],
            "schema": [],
            "sms_authentication_message": null,
            "sms_configuration": [],
            "sms_verification_message": null,
            "software_token_mfa_configuration": [],
            "tags": {},
            "user_pool_add_ons": [],
            "username_attributes": null,
            "username_configuration": [],
            "verification_message_template": [
              {
                "default_email_option": "CONFIRM_WITH_CODE",
                "email_message": "",
                "email_message_by_link": "",
                "email_subject": "",
                "email_subject_by_link": "",
                "sms_message": ""
              }
            ]
          },
          "sensitive_attributes": [],
          "private": "bnVsbA=="
        }
      ]
    },
    {
      "mode": "managed",
      "type": "aws_cognito_user_pool_client",
      "name": "this",
      "provider": "provider[\"registry.terraform.io/hashicorp/aws\"]",
      "instances": [
        {
          "schema_version": 0,
          "attributes": {
            "allowed_oauth_flows": [
              "client_credentials"
            ],
            "allowed_oauth_flows_user_pool_client": true,
            "allowed_oauth_scopes": [
              "todos-app-client/create_todo",
              "todos-app-client/delete_todo",
              "todos-app-client/read_todo"
            ],
            "analytics_configuration": [],
            "callback_urls": [],
            "client_secret": "1dghvou623t930llarfmvg5miknd3sv8mp6ortbstqq2snnn4pv3",
            "default_redirect_uri": "",
            "explicit_auth_flows": [],
            "generate_secret": true,
            "id": "5tnrart1eo0306r52fp3sig636",
            "logout_urls": [],
            "name": "todos-app-client",
            "prevent_user_existence_errors": "",
            "read_attributes": [],
            "refresh_token_validity": 30,
            "supported_identity_providers": [],
            "user_pool_id": "us-east-1_MHbQvsHND",
            "write_attributes": []
          },
          "sensitive_attributes": [],
          "private": "bnVsbA==",
          "dependencies": [
            "aws_cognito_resource_server.this",
            "aws_cognito_user_pool.this"
          ]
        }
      ]
    },
    {
      "mode": "managed",
      "type": "aws_cognito_user_pool_domain",
      "name": "this",
      "provider": "provider[\"registry.terraform.io/hashicorp/aws\"]",
      "instances": [
        {
          "schema_version": 0,
          "attributes": {
            "aws_account_id": "788853553016",
            "certificate_arn": "",
            "cloudfront_distribution_arn": "d3oia8etllorh5.cloudfront.net",
            "domain": "4809766152201069066",
            "id": "4809766152201069066",
            "s3_bucket": "aws-cognito-prod-iad-assets",
            "user_pool_id": "us-east-1_MHbQvsHND",
            "version": "20210217141742"
          },
          "sensitive_attributes": [],
          "private": "bnVsbA==",
          "dependencies": [
            "aws_cognito_user_pool.this",
            "random_id.bucket"
          ]
        }
      ]
    },
    {
      "mode": "managed",
      "type": "aws_dynamodb_table",
      "name": "this",
      "provider": "provider[\"registry.terraform.io/hashicorp/aws\"]",
      "instances": [
        {
          "schema_version": 1,
          "attributes": {
            "arn": "arn:aws:dynamodb:us-east-1:788853553016:table/todos",
            "attribute": [
              {
                "name": "TodoId",
                "type": "S"
              }
            ],
            "billing_mode": "PROVISIONED",
            "global_secondary_index": [],
            "hash_key": "TodoId",
            "id": "todos",
            "local_secondary_index": [],
            "name": "todos",
            "point_in_time_recovery": [
              {
                "enabled": false
              }
            ],
            "range_key": null,
            "read_capacity": 5,
            "replica": [],
            "server_side_encryption": [],
            "stream_arn": "",
            "stream_enabled": false,
            "stream_label": "",
            "stream_view_type": "",
            "tags": {
              "Environment": "dev",
              "Name": "todos"
            },
            "timeouts": null,
            "ttl": [
              {
                "attribute_name": "",
                "enabled": false
              }
            ],
            "write_capacity": 5
          },
          "sensitive_attributes": [],
          "private": "eyJlMmJmYjczMC1lY2FhLTExZTYtOGY4OC0zNDM2M2JjN2M0YzAiOnsiY3JlYXRlIjo2MDAwMDAwMDAwMDAsImRlbGV0ZSI6NjAwMDAwMDAwMDAwLCJ1cGRhdGUiOjM2MDAwMDAwMDAwMDB9LCJzY2hlbWFfdmVyc2lvbiI6IjEifQ=="
        }
      ]
    },
    {
      "mode": "managed",
      "type": "aws_dynamodb_table_item",
      "name": "this",
      "provider": "provider[\"registry.terraform.io/hashicorp/aws\"]",
      "instances": [
        {
          "schema_version": 0,
          "attributes": {
            "hash_key": "TodoId",
            "id": "todos|TodoId||1|",
            "item": "{\n  \"TodoId\": {\"S\": \"1\"},\n  \"Task\": {\"S\": \"Aprender Terraform\"},\n  \"Done\": {\"S\": \"0\"}\n}\n",
            "range_key": null,
            "table_name": "todos"
          },
          "sensitive_attributes": [],
          "private": "bnVsbA==",
          "dependencies": [
            "aws_dynamodb_table.this"
          ]
        }
      ]
    },
    {
      "mode": "managed",
      "type": "random_id",
      "name": "bucket",
      "provider": "provider[\"registry.terraform.io/hashicorp/random\"]",
      "instances": [
        {
          "schema_version": 0,
          "attributes": {
            "b64_std": "Qr+41QqkYgo=",
            "b64_url": "Qr-41QqkYgo",
            "byte_length": 8,
            "dec": "4809766152201069066",
            "hex": "42bfb8d50aa4620a",
            "id": "Qr-41QqkYgo",
            "keepers": null,
            "prefix": null
          },
          "sensitive_attributes": [],
          "private": "bnVsbA=="
        }
      ]
    }
  ]
}
